
Microsoft Visual Studio Solution File, Format Version 12.00
# Visual Studio Version 17
VisualStudioVersion = 17.5.33516.290
MinimumVisualStudioVersion = 10.0.40219.1
Project("{FAE04EC0-301F-11D3-BF4B-00C04F79EFBC}") = "React.TSConverted", "React.TSConverted\React.TSConverted.csproj", "{C5D62EBD-D9CF-4F31-BEDE-DDF241C52D2D}"
EndProject
Global
	GlobalSection(SolutionConfigurationPlatforms) = preSolution
		Debug|Any CPU = Debug|Any CPU
		Release|Any CPU = Release|Any CPU
	EndGlobalSection
	GlobalSection(ProjectConfigurationPlatforms) = postSolution
		{C5D62EBD-D9CF-4F31-BEDE-DDF241C52D2D}.Debug|Any CPU.ActiveCfg = Debug|Any CPU
		{C5D62EBD-D9CF-4F31-BEDE-DDF241C52D2D}.Debug|Any CPU.Build.0 = Debug|Any CPU
		{C5D62EBD-D9CF-4F31-BEDE-DDF241C52D2D}.Release|Any CPU.ActiveCfg = Release|Any CPU
		{C5D62EBD-D9CF-4F31-BEDE-DDF241C52D2D}.Release|Any CPU.Build.0 = Release|Any CPU
	EndGlobalSection
	GlobalSection(SolutionProperties) = preSolution
		HideSolutionNode = FALSE
	EndGlobalSection
	GlobalSection(ExtensibilityGlobals) = postSolution
		SolutionGuid = {4FC8C567-33C4-42C7-9F2D-CCEF3806E0E8}
	EndGlobalSection
EndGlobal
